
Microsoft Visual Studio Solution File, Format Version 12.00
# Visual Studio Version 16
VisualStudioVersion = 16.0.33328.57
MinimumVisualStudioVersion = 10.0.40219.1
Project("{FAE04EC0-301F-11D3-BF4B-00C04F79EFBC}") = "Latihan ASP.Net", "Latihan ASP.Net\Latihan ASP.Net.csproj", "{9AE53088-F1D3-4BFB-A19D-64F16D86827B}"
EndProject
Global
	GlobalSection(SolutionConfigurationPlatforms) = preSolution
		Debug|Any CPU = Debug|Any CPU
		Release|Any CPU = Release|Any CPU
	EndGlobalSection
	GlobalSection(ProjectConfigurationPlatforms) = postSolution
		{9AE53088-F1D3-4BFB-A19D-64F16D86827B}.Debug|Any CPU.ActiveCfg = Debug|Any CPU
		{9AE53088-F1D3-4BFB-A19D-64F16D86827B}.Debug|Any CPU.Build.0 = Debug|Any CPU
		{9AE53088-F1D3-4BFB-A19D-64F16D86827B}.Release|Any CPU.ActiveCfg = Release|Any CPU
		{9AE53088-F1D3-4BFB-A19D-64F16D86827B}.Release|Any CPU.Build.0 = Release|Any CPU
	EndGlobalSection
	GlobalSection(SolutionProperties) = preSolution
		HideSolutionNode = FALSE
	EndGlobalSection
	GlobalSection(ExtensibilityGlobals) = postSolution
		SolutionGuid = {5399E181-813D-415D-9FCB-8A78AA547254}
	EndGlobalSection
EndGlobal
